
Microsoft Visual Studio Solution File, Format Version 12.00
# Visual Studio Version 17
VisualStudioVersion = 17.5.33424.131
MinimumVisualStudioVersion = 10.0.40219.1
Project("{FAE04EC0-301F-11D3-BF4B-00C04F79EFBC}") = "MyFristProject", "MyFristProject.csproj", "{BAB95535-39AF-468F-A597-6CC6CFA3BD31}"
EndProject
Global
	GlobalSection(SolutionConfigurationPlatforms) = preSolution
		Debug|Any CPU = Debug|Any CPU
		Release|Any CPU = Release|Any CPU
	EndGlobalSection
	GlobalSection(ProjectConfigurationPlatforms) = postSolution
		{BAB95535-39AF-468F-A597-6CC6CFA3BD31}.Debug|Any CPU.ActiveCfg = Debug|Any CPU
		{BAB95535-39AF-468F-A597-6CC6CFA3BD31}.Debug|Any CPU.Build.0 = Debug|Any CPU
		{BAB95535-39AF-468F-A597-6CC6CFA3BD31}.Release|Any CPU.ActiveCfg = Release|Any CPU
		{BAB95535-39AF-468F-A597-6CC6CFA3BD31}.Release|Any CPU.Build.0 = Release|Any CPU
	EndGlobalSection
	GlobalSection(SolutionProperties) = preSolution
		HideSolutionNode = FALSE
	EndGlobalSection
	GlobalSection(ExtensibilityGlobals) = postSolution
		SolutionGuid = {839B2160-B127-4B63-865B-45A01FCABD4E}
	EndGlobalSection
EndGlobal
